// !$*UTF8*$!
{
	archiveVersion = 1;
	classes = {
	};
	objectVersion = 46;
	objects = {

/* Begin PBXBuildFile section */
		52F9F51F1A233C2600C49005 /* main.m in Sources */ = {isa = PBXBuildFile; fileRef = 52F9F51E1A233C2600C49005 /* main.m */; };
		52F9F5221A233C2600C49005 /* AppDelegate.m in Sources */ = {isa = PBXBuildFile; fileRef = 52F9F5211A233C2600C49005 /* AppDelegate.m */; };
		52F9F5251A233C2600C49005 /* ViewController.m in Sources */ = {isa = PBXBuildFile; fileRef = 52F9F5241A233C2600C49005 /* ViewController.m */; };
		52F9F5281A233C2600C49005 /* Main.storyboard in Resources */ = {isa = PBXBuildFile; fileRef = 52F9F5261A233C2600C49005 /* Main.storyboard */; };
		52F9F52A1A233C2600C49005 /* Images.xcassets in Resources */ = {isa = PBXBuildFile; fileRef = 52F9F5291A233C2600C49005 /* Images.xcassets */; };
		52F9F52D1A233C2600C49005 /* LaunchScreen.xib in Resources */ = {isa = PBXBuildFile; fileRef = 52F9F52B1A233C2600C49005 /* LaunchScreen.xib */; };
		52F9F5391A233C2600C49005 /* ShadowTests.m in Sources */ = {isa = PBXBuildFile; fileRef = 52F9F5381A233C2600C49005 /* ShadowTests.m */; };
/* End PBXBuildFile section */

/* Begin PBXContainerItemProxy section */
		52F9F5331A233C2600C49005 /* PBXContainerItemProxy */ = {
			isa = PBXContainerItemProxy;
			containerPortal = 52F9F5111A233C2600C49005 /* Project object */;
			proxyType = 1;
			remoteGlobalIDString = 52F9F5181A233C2600C49005;
			remoteInfo = Shadow;
		};
/* End PBXContainerItemProxy section */

/* Begin PBXFileReference section */
		52F9F5191A233C2600C49005 /* Shadow.app */ = {isa = PBXFileReference; explicitFileType = wrapper.application; includeInIndex = 0; path = Shadow.app; sourceTree = BUILT_PRODUCTS_DIR; };
		52F9F51D1A233C2600C49005 /* Info.plist */ = {isa = PBXFileReference; lastKnownFileType = text.plist.xml; path = Info.plist; sourceTree = "<group>"; };
		52F9F51E1A233C2600C49005 /* main.m */ = {isa = PBXFileReference; lastKnownFileType = sourcecode.c.objc; path = main.m; sourceTree = "<group>"; };
		52F9F5201A233C2600C49005 /* AppDelegate.h */ = {isa = PBXFileReference; lastKnownFileType = sourcecode.c.h; path = AppDelegate.h; sourceTree = "<group>"; };
		52F9F5211A233C2600C49005 /* AppDelegate.m */ = {isa = PBXFileReference; lastKnownFileType = sourcecode.c.objc; path = AppDelegate.m; sourceTree = "<group>"; };
		52F9F5231A233C2600C49005 /* ViewController.h */ = {isa = PBXFileReference; lastKnownFileType = sourcecode.c.h; path = ViewController.h; sourceTree = "<group>"; };
		52F9F5241A233C2600C49005 /* ViewController.m */ = {isa = PBXFileReference; lastKnownFileType = sourcecode.c.objc; path = ViewController.m; sourceTree = "<group>"; };
		52F9F5271A233C2600C49005 /* Base */ = {isa = PBXFileReference; lastKnownFileType = file.storyboard; name = Base; path = Base.lproj/Main.storyboard; sourceTree = "<group>"; };
		52F9F5291A233C2600C49005 /* Images.xcassets */ = {isa = PBXFileReference; lastKnownFileType = folder.assetcatalog; path = Images.xcassets; sourceTree = "<group>"; };
		52F9F52C1A233C2600C49005 /* Base */ = {isa = PBXFileReference; lastKnownFileType = file.xib; name = Base; path = Base.lproj/LaunchScreen.xib; sourceTree = "<group>"; };
		52F9F5321A233C2600C49005 /* ShadowTests.xctest */ = {isa = PBXFileReference; explicitFileType = wrapper.cfbundle; includeInIndex = 0; path = ShadowTests.xctest; sourceTree = BUILT_PRODUCTS_DIR; };
		52F9F5371A233C2600C49005 /* Info.plist */ = {isa = PBXFileReference; lastKnownFileType = text.plist.xml; path = Info.plist; sourceTree = "<group>"; };
		52F9F5381A233C2600C49005 /* ShadowTests.m */ = {isa = PBXFileReference; lastKnownFileType = sourcecode.c.objc; path = ShadowTests.m; sourceTree = "<group>"; };
/* End PBXFileReference section */

/* Begin PBXFrameworksBuildPhase section */
		52F9F5161A233C2600C49005 /* Frameworks */ = {
			isa = PBXFrameworksBuildPhase;
			buildActionMask = 2147483647;
			files = (
			);
			runOnlyForDeploymentPostprocessing = 0;
		};
		52F9F52F1A233C2600C49005 /* Frameworks */ = {
			isa = PBXFrameworksBuildPhase;
			buildActionMask = 2147483647;
			files = (
			);
			runOnlyForDeploymentPostprocessing = 0;
		};
/* End PBXFrameworksBuildPhase section */

/* Begin PBXGroup section */
		52F9F5101A233C2600C49005 = {
			isa = PBXGroup;
			children = (
				52F9F51B1A233C2600C49005 /* Shadow */,
				52F9F5351A233C2600C49005 /* ShadowTests */,
				52F9F51A1A233C2600C49005 /* Products */,
			);
			sourceTree = "<group>";
		};
		52F9F51A1A233C2600C49005 /* Products */ = {
			isa = PBXGroup;
			children = (
				52F9F5191A233C2600C49005 /* Shadow.app */,
				52F9F5321A233C2600C49005 /* ShadowTests.xctest */,
			);
			name = Products;
			sourceTree = "<group>";
		};
		52F9F51B1A233C2600C49005 /* Shadow */ = {
			isa = PBXGroup;
			children = (
				52F9F5201A233C2600C49005 /* AppDelegate.h */,
				52F9F5211A233C2600C49005 /* AppDelegate.m */,
				52F9F5231A233C2600C49005 /* ViewController.h */,
				52F9F5241A233C2600C49005 /* ViewController.m */,
				52F9F5261A233C2600C49005 /* Main.storyboard */,
				52F9F5291A233C2600C49005 /* Images.xcassets */,
				52F9F52B1A233C2600C49005 /* LaunchScreen.xib */,
				52F9F51C1A233C2600C49005 /* Supporting Files */,
			);
			path = Shadow;
			sourceTree = "<group>";
		};
		52F9F51C1A233C2600C49005 /* Supporting Files */ = {
			isa = PBXGroup;
			children = (
				52F9F51D1A233C2600C49005 /* Info.plist */,
				52F9F51E1A233C2600C49005 /* main.m */,
			);
			name = "Supporting Files";
			sourceTree = "<group>";
		};
		52F9F5351A233C2600C49005 /* ShadowTests */ = {
			isa = PBXGroup;
			children = (
				52F9F5381A233C2600C49005 /* ShadowTests.m */,
				52F9F5361A233C2600C49005 /* Supporting Files */,
			);
			path = ShadowTests;
			sourceTree = "<group>";
		};
		52F9F5361A233C2600C49005 /* Supporting Files */ = {
			isa = PBXGroup;
			children = (
				52F9F5371A233C2600C49005 /* Info.plist */,
			);
			name = "Supporting Files";
			sourceTree = "<group>";
		};
/* End PBXGroup section */

/* Begin PBXNativeTarget section */
		52F9F5181A233C2600C49005 /* Shadow */ = {
			isa = PBXNativeTarget;
			buildConfigurationList = 52F9F53C1A233C2700C49005 /* Build configuration list for PBXNativeTarget "Shadow" */;
			buildPhases = (
				52F9F5151A233C2600C49005 /* Sources */,
				52F9F5161A233C2600C49005 /* Frameworks */,
				52F9F5171A233C2600C49005 /* Resources */,
			);
			buildRules = (
			);
			dependencies = (
			);
			name = Shadow;
			productName = Shadow;
			productReference = 52F9F5191A233C2600C49005 /* Shadow.app */;
			productType = "com.apple.product-type.application";
		};
		52F9F5311A233C2600C49005 /* ShadowTests */ = {
			isa = PBXNativeTarget;
			buildConfigurationList = 52F9F53F1A233C2700C49005 /* Build configuration list for PBXNativeTarget "ShadowTests" */;
			buildPhases = (
				52F9F52E1A233C2600C49005 /* Sources */,
				52F9F52F1A233C2600C49005 /* Frameworks */,
				52F9F5301A233C2600C49005 /* Resources */,
			);
			buildRules = (
			);
			dependencies = (
				52F9F5341A233C2600C49005 /* PBXTargetDependency */,
			);
			name = ShadowTests;
			productName = ShadowTests;
			productReference = 52F9F5321A233C2600C49005 /* ShadowTests.xctest */;
			productType = "com.apple.product-type.bundle.unit-test";
		};
/* End PBXNativeTarget section */

/* Begin PBXProject section */
		52F9F5111A233C2600C49005 /* Project object */ = {
			isa = PBXProject;
			attributes = {
				LastUpgradeCheck = 0610;
				ORGANIZATIONNAME = test;
				TargetAttributes = {
					52F9F5181A233C2600C49005 = {
						CreatedOnToolsVersion = 6.1.1;
					};
					52F9F5311A233C2600C49005 = {
						CreatedOnToolsVersion = 6.1.1;
						TestTargetID = 52F9F5181A233C2600C49005;
					};
				};
			};
			buildConfigurationList = 52F9F5141A233C2600C49005 /* Build configuration list for PBXProject "Shadow" */;
			compatibilityVersion = "Xcode 3.2";
			developmentRegion = English;
			hasScannedForEncodings = 0;
			knownRegions = (
				en,
				Base,
			);
			mainGroup = 52F9F5101A233C2600C49005;
			productRefGroup = 52F9F51A1A233C2600C49005 /* Products */;
			projectDirPath = "";
			projectRoot = "";
			targets = (
				52F9F5181A233C2600C49005 /* Shadow */,
				52F9F5311A233C2600C49005 /* ShadowTests */,
			);
		};
/* End PBXProject section */

/* Begin PBXResourcesBuildPhase section */
		52F9F5171A233C2600C49005 /* Resources */ = {
			isa = PBXResourcesBuildPhase;
			buildActionMask = 2147483647;
			files = (
				52F9F5281A233C2600C49005 /* Main.storyboard in Resources */,
				52F9F52D1A233C2600C49005 /* LaunchScreen.xib in Resources */,
				52F9F52A1A233C2600C49005 /* Images.xcassets in Resources */,
			);
			runOnlyForDeploymentPostprocessing = 0;
		};
		52F9F5301A233C2600C49005 /* Resources */ = {
			isa = PBXResourcesBuildPhase;
			buildActionMask = 2147483647;
			files = (
			);
			runOnlyForDeploymentPostprocessing = 0;
		};
/* End PBXResourcesBuildPhase section */

/* Begin PBXSourcesBuildPhase section */
		52F9F5151A233C2600C49005 /* Sources */ = {
			isa = PBXSourcesBuildPhase;
			buildActionMask = 2147483647;
			files = (
				52F9F5251A233C2600C49005 /* ViewController.m in Sources */,
				52F9F5221A233C2600C49005 /* AppDelegate.m in Sources */,
				52F9F51F1A233C2600C49005 /* main.m in Sources */,
			);
			runOnlyForDeploymentPostprocessing = 0;
		};
		52F9F52E1A233C2600C49005 /* Sources */ = {
			isa = PBXSourcesBuildPhase;
			buildActionMask = 2147483647;
			files = (
				52F9F5391A233C2600C49005 /* ShadowTests.m in Sources */,
			);
			runOnlyForDeploymentPostprocessing = 0;
		};
/* End PBXSourcesBuildPhase section */

/* Begin PBXTargetDependency section */
		52F9F5341A233C2600C49005 /* PBXTargetDependency */ = {
			isa = PBXTargetDependency;
			target = 52F9F5181A233C2600C49005 /* Shadow */;
			targetProxy = 52F9F5331A233C2600C49005 /* PBXContainerItemProxy */;
		};
/* End PBXTargetDependency section */

/* Begin PBXVariantGroup section */
		52F9F5261A233C2600C49005 /* Main.storyboard */ = {
			isa = PBXVariantGroup;
			children = (
				52F9F5271A233C2600C49005 /* Base */,
			);
			name = Main.storyboard;
			sourceTree = "<group>";
		};
		52F9F52B1A233C2600C49005 /* LaunchScreen.xib */ = {
			isa = PBXVariantGroup;
			children = (
				52F9F52C1A233C2600C49005 /* Base */,
			);
			name = LaunchScreen.xib;
			sourceTree = "<group>";
		};
/* End PBXVariantGroup section */

/* Begin XCBuildConfiguration section */
		52F9F53A1A233C2700C49005 /* Debug */ = {
			isa = XCBuildConfiguration;
			buildSettings = {
				ALWAYS_SEARCH_USER_PATHS = NO;
				CLANG_CXX_LANGUAGE_STANDARD = "gnu++0x";
				CLANG_CXX_LIBRARY = "libc++";
				CLANG_ENABLE_MODULES = YES;
				CLANG_ENABLE_OBJC_ARC = YES;
				CLANG_WARN_BOOL_CONVERSION = YES;
				CLANG_WARN_CONSTANT_CONVERSION = YES;
				CLANG_WARN_DIRECT_OBJC_ISA_USAGE = YES_ERROR;
				CLANG_WARN_EMPTY_BODY = YES;
				CLANG_WARN_ENUM_CONVERSION = YES;
				CLANG_WARN_INT_CONVERSION = YES;
				CLANG_WARN_OBJC_ROOT_CLASS = YES_ERROR;
				CLANG_WARN_UNREACHABLE_CODE = YES;
				CLANG_WARN__DUPLICATE_METHOD_MATCH = YES;
				"CODE_SIGN_IDENTITY[sdk=iphoneos*]" = "iPhone Developer";
				COPY_PHASE_STRIP = NO;
				ENABLE_STRICT_OBJC_MSGSEND = YES;
				GCC_C_LANGUAGE_STANDARD = gnu99;
				GCC_DYNAMIC_NO_PIC = NO;
				GCC_OPTIMIZATION_LEVEL = 0;
				GCC_PREPROCESSOR_DEFINITIONS = (
					"DEBUG=1",
					"$(inherited)",
				);
				GCC_SYMBOLS_PRIVATE_EXTERN = NO;
				GCC_WARN_64_TO_32_BIT_CONVERSION = YES;
				GCC_WARN_ABOUT_RETURN_TYPE = YES_ERROR;
				GCC_WARN_UNDECLARED_SELECTOR = YES;
				GCC_WARN_UNINITIALIZED_AUTOS = YES_AGGRESSIVE;
				GCC_WARN_UNUSED_FUNCTION = YES;
				GCC_WARN_UNUSED_VARIABLE = YES;
				IPHONEOS_DEPLOYMENT_TARGET = 8.1;
				MTL_ENABLE_DEBUG_INFO = YES;
				ONLY_ACTIVE_ARCH = YES;
				SDKROOT = iphoneos;
			};
			name = Debug;
		};
		52F9F53B1A233C2700C49005 /* Release */ = {
			isa = XCBuildConfiguration;
			buildSettings = {
				ALWAYS_SEARCH_USER_PATHS = NO;
				CLANG_CXX_LANGUAGE_STANDARD = "gnu++0x";
				CLANG_CXX_LIBRARY = "libc++";
				CLANG_ENABLE_MODULES = YES;
				CLANG_ENABLE_OBJC_ARC = YES;
				CLANG_WARN_BOOL_CONVERSION = YES;
				CLANG_WARN_CONSTANT_CONVERSION = YES;
				CLANG_WARN_DIRECT_OBJC_ISA_USAGE = YES_ERROR;
				CLANG_WARN_EMPTY_BODY = YES;
				CLANG_WARN_ENUM_CONVERSION = YES;
				CLANG_WARN_INT_CONVERSION = YES;
				CLANG_WARN_OBJC_ROOT_CLASS = YES_ERROR;
				CLANG_WARN_UNREACHABLE_CODE = YES;
				CLANG_WARN__DUPLICATE_METHOD_MATCH = YES;
				"CODE_SIGN_IDENTITY[sdk=iphoneos*]" = "iPhone Developer";
				COPY_PHASE_STRIP = YES;
				ENABLE_NS_ASSERTIONS = NO;
				ENABLE_STRICT_OBJC_MSGSEND = YES;
				GCC_C_LANGUAGE_STANDARD = gnu99;
				GCC_WARN_64_TO_32_BIT_CONVERSION = YES;
				GCC_WARN_ABOUT_RETURN_TYPE = YES_ERROR;
				GCC_WARN_UNDECLARED_SELECTOR = YES;
				GCC_WARN_UNINITIALIZED_AUTOS = YES_AGGRESSIVE;
				GCC_WARN_UNUSED_FUNCTION = YES;
				GCC_WARN_UNUSED_VARIABLE = YES;
				IPHONEOS_DEPLOYMENT_TARGET = 8.1;
				MTL_ENABLE_DEBUG_INFO = NO;
				SDKROOT = iphoneos;
				VALIDATE_PRODUCT = YES;
			};
			name = Release;
		};
		52F9F53D1A233C2700C49005 /* Debug */ = {
			isa = XCBuildConfiguration;
			buildSettings = {
				ASSETCATALOG_COMPILER_APPICON_NAME = AppIcon;
				INFOPLIST_FILE = Shadow/Info.plist;
				LD_RUNPATH_SEARCH_PATHS = "$(inherited) @executable_path/Frameworks";
				PRODUCT_NAME = "$(TARGET_NAME)";
			};
			name = Debug;
		};
		52F9F53E1A233C2700C49005 /* Release */ = {
			isa = XCBuildConfiguration;
			buildSettings = {
				ASSETCATALOG_COMPILER_APPICON_NAME = AppIcon;
				INFOPLIST_FILE = Shadow/Info.plist;
				LD_RUNPATH_SEARCH_PATHS = "$(inherited) @executable_path/Frameworks";
				PRODUCT_NAME = "$(TARGET_NAME)";
			};
			name = Release;
		};
		52F9F5401A233C2700C49005 /* Debug */ = {
			isa = XCBuildConfiguration;
			buildSettings = {
				BUNDLE_LOADER = "$(TEST_HOST)";
				FRAMEWORK_SEARCH_PATHS = (
					"$(SDKROOT)/Developer/Library/Frameworks",
					"$(inherited)",
				);
				GCC_PREPROCESSOR_DEFINITIONS = (
					"DEBUG=1",
					"$(inherited)",
				);
				INFOPLIST_FILE = ShadowTests/Info.plist;
				LD_RUNPATH_SEARCH_PATHS = "$(inherited) @executable_path/Frameworks @loader_path/Frameworks";
				PRODUCT_NAME = "$(TARGET_NAME)";
				TEST_HOST = "$(BUILT_PRODUCTS_DIR)/Shadow.app/Shadow";
			};
			name = Debug;
		};
		52F9F5411A233C2700C49005 /* Release */ = {
			isa = XCBuildConfiguration;
			buildSettings = {
				BUNDLE_LOADER = "$(TEST_HOST)";
				FRAMEWORK_SEARCH_PATHS = (
					"$(SDKROOT)/Developer/Library/Frameworks",
					"$(inherited)",
				);
				INFOPLIST_FILE = ShadowTests/Info.plist;
				LD_RUNPATH_SEARCH_PATHS = "$(inherited) @executable_path/Frameworks @loader_path/Frameworks";
				PRODUCT_NAME = "$(TARGET_NAME)";
				TEST_HOST = "$(BUILT_PRODUCTS_DIR)/Shadow.app/Shadow";
			};
			name = Release;
		};
/* End XCBuildConfiguration section */

/* Begin XCConfigurationList section */
		52F9F5141A233C2600C49005 /* Build configuration list for PBXProject "Shadow" */ = {
			isa = XCConfigurationList;
			buildConfigurations = (
				52F9F53A1A233C2700C49005 /* Debug */,
				52F9F53B1A233C2700C49005 /* Release */,
			);
			defaultConfigurationIsVisible = 0;
			defaultConfigurationName = Release;
		};
		52F9F53C1A233C2700C49005 /* Build configuration list for PBXNativeTarget "Shadow" */ = {
			isa = XCConfigurationList;
			buildConfigurations = (
				52F9F53D1A233C2700C49005 /* Debug */,
				52F9F53E1A233C2700C49005 /* Release */,
			);
			defaultConfigurationIsVisible = 0;
		};
		52F9F53F1A233C2700C49005 /* Build configuration list for PBXNativeTarget "ShadowTests" */ = {
			isa = XCConfigurationList;
			buildConfigurations = (
				52F9F5401A233C2700C49005 /* Debug */,
				52F9F5411A233C2700C49005 /* Release */,
			);
			defaultConfigurationIsVisible = 0;
		};
/* End XCConfigurationList section */
	};
	rootObject = 52F9F5111A233C2600C49005 /* Project object */;
}
